// !$*UTF8*$!
{
	archiveVersion = 1;
	classes = {
	};
	objectVersion = 46;
	objects = {

/* Begin PBXBuildFile section */
		F22B7FE61CBBBE3300B6BE7B /* main.m in Sources */ = {isa = PBXBuildFile; fileRef = F22B7FE51CBBBE3300B6BE7B /* main.m */; };
		F22B7FE91CBBBE3300B6BE7B /* AppDelegate.m in Sources */ = {isa = PBXBuildFile; fileRef = F22B7FE81CBBBE3300B6BE7B /* AppDelegate.m */; };
		F22B7FEC1CBBBE3300B6BE7B /* ViewController.m in Sources */ = {isa = PBXBuildFile; fileRef = F22B7FEB1CBBBE3300B6BE7B /* ViewController.m */; };
		F22B7FEF1CBBBE3300B6BE7B /* Main.storyboard in Resources */ = {isa = PBXBuildFile; fileRef = F22B7FED1CBBBE3300B6BE7B /* Main.storyboard */; };
		F22B7FF11CBBBE3300B6BE7B /* Assets.xcassets in Resources */ = {isa = PBXBuildFile; fileRef = F22B7FF01CBBBE3300B6BE7B /* Assets.xcassets */; };
		F22B7FF41CBBBE3300B6BE7B /* LaunchScreen.storyboard in Resources */ = {isa = PBXBuildFile; fileRef = F22B7FF21CBBBE3300B6BE7B /* LaunchScreen.storyboard */; };
		F22B80021CBBBFAC00B6BE7B /* ToolbarViewLandscape.xib in Resources */ = {isa = PBXBuildFile; fileRef = F22B80011CBBBFAC00B6BE7B /* ToolbarViewLandscape.xib */; };
		F22B80061CBBC05A00B6BE7B /* CustomButton.m in Sources */ = {isa = PBXBuildFile; fileRef = F22B80051CBBC05A00B6BE7B /* CustomButton.m */; };
		F22B800A1CBBC23300B6BE7B /* UIViewController+Ext.m in Sources */ = {isa = PBXBuildFile; fileRef = F22B80091CBBC23300B6BE7B /* UIViewController+Ext.m */; };
		F22B800D1CBBC69100B6BE7B /* KeyBoardView.m in Sources */ = {isa = PBXBuildFile; fileRef = F22B800C1CBBC69100B6BE7B /* KeyBoardView.m */; };
/* End PBXBuildFile section */

/* Begin PBXFileReference section */
		F22B7FE11CBBBE3300B6BE7B /* KeyboardToolbarObjectiveC.app */ = {isa = PBXFileReference; explicitFileType = wrapper.application; includeInIndex = 0; path = KeyboardToolbarObjectiveC.app; sourceTree = BUILT_PRODUCTS_DIR; };
		F22B7FE51CBBBE3300B6BE7B /* main.m */ = {isa = PBXFileReference; lastKnownFileType = sourcecode.c.objc; path = main.m; sourceTree = "<group>"; };
		F22B7FE71CBBBE3300B6BE7B /* AppDelegate.h */ = {isa = PBXFileReference; lastKnownFileType = sourcecode.c.h; path = AppDelegate.h; sourceTree = "<group>"; };
		F22B7FE81CBBBE3300B6BE7B /* AppDelegate.m */ = {isa = PBXFileReference; lastKnownFileType = sourcecode.c.objc; path = AppDelegate.m; sourceTree = "<group>"; };
		F22B7FEA1CBBBE3300B6BE7B /* ViewController.h */ = {isa = PBXFileReference; lastKnownFileType = sourcecode.c.h; path = ViewController.h; sourceTree = "<group>"; };
		F22B7FEB1CBBBE3300B6BE7B /* ViewController.m */ = {isa = PBXFileReference; lastKnownFileType = sourcecode.c.objc; path = ViewController.m; sourceTree = "<group>"; };
		F22B7FEE1CBBBE3300B6BE7B /* Base */ = {isa = PBXFileReference; lastKnownFileType = file.storyboard; name = Base; path = Base.lproj/Main.storyboard; sourceTree = "<group>"; };
		F22B7FF01CBBBE3300B6BE7B /* Assets.xcassets */ = {isa = PBXFileReference; lastKnownFileType = folder.assetcatalog; path = Assets.xcassets; sourceTree = "<group>"; };
		F22B7FF31CBBBE3300B6BE7B /* Base */ = {isa = PBXFileReference; lastKnownFileType = file.storyboard; name = Base; path = Base.lproj/LaunchScreen.storyboard; sourceTree = "<group>"; };
		F22B7FF51CBBBE3300B6BE7B /* Info.plist */ = {isa = PBXFileReference; lastKnownFileType = text.plist.xml; path = Info.plist; sourceTree = "<group>"; };
		F22B80011CBBBFAC00B6BE7B /* ToolbarViewLandscape.xib */ = {isa = PBXFileReference; fileEncoding = 4; lastKnownFileType = file.xib; path = ToolbarViewLandscape.xib; sourceTree = "<group>"; };
		F22B80041CBBC05A00B6BE7B /* CustomButton.h */ = {isa = PBXFileReference; fileEncoding = 4; lastKnownFileType = sourcecode.c.h; path = CustomButton.h; sourceTree = "<group>"; };
		F22B80051CBBC05A00B6BE7B /* CustomButton.m */ = {isa = PBXFileReference; fileEncoding = 4; lastKnownFileType = sourcecode.c.objc; path = CustomButton.m; sourceTree = "<group>"; };
		F22B80081CBBC23300B6BE7B /* UIViewController+Ext.h */ = {isa = PBXFileReference; fileEncoding = 4; lastKnownFileType = sourcecode.c.h; path = "UIViewController+Ext.h"; sourceTree = "<group>"; };
		F22B80091CBBC23300B6BE7B /* UIViewController+Ext.m */ = {isa = PBXFileReference; fileEncoding = 4; lastKnownFileType = sourcecode.c.objc; path = "UIViewController+Ext.m"; sourceTree = "<group>"; };
		F22B800B1CBBC69100B6BE7B /* KeyBoardView.h */ = {isa = PBXFileReference; fileEncoding = 4; lastKnownFileType = sourcecode.c.h; path = KeyBoardView.h; sourceTree = "<group>"; };
		F22B800C1CBBC69100B6BE7B /* KeyBoardView.m */ = {isa = PBXFileReference; fileEncoding = 4; lastKnownFileType = sourcecode.c.objc; path = KeyBoardView.m; sourceTree = "<group>"; };
		F292FA1D1CBE2926004DF118 /* ButtonDelegate.h */ = {isa = PBXFileReference; fileEncoding = 4; lastKnownFileType = sourcecode.c.h; path = ButtonDelegate.h; sourceTree = "<group>"; };
/* End PBXFileReference section */

/* Begin PBXFrameworksBuildPhase section */
		F22B7FDE1CBBBE3300B6BE7B /* Frameworks */ = {
			isa = PBXFrameworksBuildPhase;
			buildActionMask = 2147483647;
			files = (
			);
			runOnlyForDeploymentPostprocessing = 0;
		};
/* End PBXFrameworksBuildPhase section */

/* Begin PBXGroup section */
		F22B7FD81CBBBE3200B6BE7B = {
			isa = PBXGroup;
			children = (
				F22B7FE31CBBBE3300B6BE7B /* KeyboardToolbarObjectiveC */,
				F22B7FE21CBBBE3300B6BE7B /* Products */,
			);
			sourceTree = "<group>";
		};
		F22B7FE21CBBBE3300B6BE7B /* Products */ = {
			isa = PBXGroup;
			children = (
				F22B7FE11CBBBE3300B6BE7B /* KeyboardToolbarObjectiveC.app */,
			);
			name = Products;
			sourceTree = "<group>";
		};
		F22B7FE31CBBBE3300B6BE7B /* KeyboardToolbarObjectiveC */ = {
			isa = PBXGroup;
			children = (
				F22B80031CBBBFDC00B6BE7B /* CustomClass */,
				F22B7FFF1CBBBF7900B6BE7B /* Extension */,
				F22B7FE71CBBBE3300B6BE7B /* AppDelegate.h */,
				F22B7FE81CBBBE3300B6BE7B /* AppDelegate.m */,
				F22B7FEA1CBBBE3300B6BE7B /* ViewController.h */,
				F22B7FEB1CBBBE3300B6BE7B /* ViewController.m */,
				F22B7FED1CBBBE3300B6BE7B /* Main.storyboard */,
				F22B7FF01CBBBE3300B6BE7B /* Assets.xcassets */,
				F22B7FF21CBBBE3300B6BE7B /* LaunchScreen.storyboard */,
				F22B7FF51CBBBE3300B6BE7B /* Info.plist */,
				F22B7FE41CBBBE3300B6BE7B /* Supporting Files */,
			);
			path = KeyboardToolbarObjectiveC;
			sourceTree = "<group>";
		};
		F22B7FE41CBBBE3300B6BE7B /* Supporting Files */ = {
			isa = PBXGroup;
			children = (
				F22B7FE51CBBBE3300B6BE7B /* main.m */,
			);
			name = "Supporting Files";
			sourceTree = "<group>";
		};
		F22B7FFF1CBBBF7900B6BE7B /* Extension */ = {
			isa = PBXGroup;
			children = (
				F22B80081CBBC23300B6BE7B /* UIViewController+Ext.h */,
				F22B80091CBBC23300B6BE7B /* UIViewController+Ext.m */,
			);
			path = Extension;
			sourceTree = "<group>";
		};
		F22B80001CBBBFAC00B6BE7B /* Views */ = {
			isa = PBXGroup;
			children = (
				F22B80011CBBBFAC00B6BE7B /* ToolbarViewLandscape.xib */,
				F22B800B1CBBC69100B6BE7B /* KeyBoardView.h */,
				F22B800C1CBBC69100B6BE7B /* KeyBoardView.m */,
			);
			name = Views;
			path = ../Extension/Views;
			sourceTree = "<group>";
		};
		F22B80031CBBBFDC00B6BE7B /* CustomClass */ = {
			isa = PBXGroup;
			children = (
				F22B80041CBBC05A00B6BE7B /* CustomButton.h */,
				F22B80051CBBC05A00B6BE7B /* CustomButton.m */,
				F292FA1D1CBE2926004DF118 /* ButtonDelegate.h */,
				F22B80001CBBBFAC00B6BE7B /* Views */,
			);
			path = CustomClass;
			sourceTree = "<group>";
		};
/* End PBXGroup section */

/* Begin PBXNativeTarget section */
		F22B7FE01CBBBE3300B6BE7B /* KeyboardToolbarObjectiveC */ = {
			isa = PBXNativeTarget;
			buildConfigurationList = F22B7FF81CBBBE3300B6BE7B /* Build configuration list for PBXNativeTarget "KeyboardToolbarObjectiveC" */;
			buildPhases = (
				F22B7FDD1CBBBE3300B6BE7B /* Sources */,
				F22B7FDE1CBBBE3300B6BE7B /* Frameworks */,
				F22B7FDF1CBBBE3300B6BE7B /* Resources */,
			);
			buildRules = (
			);
			dependencies = (
			);
			name = KeyboardToolbarObjectiveC;
			productName = KeyboardToolbarObjectiveC;
			productReference = F22B7FE11CBBBE3300B6BE7B /* KeyboardToolbarObjectiveC.app */;
			productType = "com.apple.product-type.application";
		};
/* End PBXNativeTarget section */

/* Begin PBXProject section */
		F22B7FD91CBBBE3200B6BE7B /* Project object */ = {
			isa = PBXProject;
			attributes = {
				LastUpgradeCheck = 0730;
				ORGANIZATIONNAME = "IOS Developer";
				TargetAttributes = {
					F22B7FE01CBBBE3300B6BE7B = {
						CreatedOnToolsVersion = 7.3;
					};
				};
			};
			buildConfigurationList = F22B7FDC1CBBBE3200B6BE7B /* Build configuration list for PBXProject "KeyboardToolbarObjectiveC" */;
			compatibilityVersion = "Xcode 3.2";
			developmentRegion = English;
			hasScannedForEncodings = 0;
			knownRegions = (
				en,
				Base,
			);
			mainGroup = F22B7FD81CBBBE3200B6BE7B;
			productRefGroup = F22B7FE21CBBBE3300B6BE7B /* Products */;
			projectDirPath = "";
			projectRoot = "";
			targets = (
				F22B7FE01CBBBE3300B6BE7B /* KeyboardToolbarObjectiveC */,
			);
		};
/* End PBXProject section */

/* Begin PBXResourcesBuildPhase section */
		F22B7FDF1CBBBE3300B6BE7B /* Resources */ = {
			isa = PBXResourcesBuildPhase;
			buildActionMask = 2147483647;
			files = (
				F22B7FF41CBBBE3300B6BE7B /* LaunchScreen.storyboard in Resources */,
				F22B7FF11CBBBE3300B6BE7B /* Assets.xcassets in Resources */,
				F22B80021CBBBFAC00B6BE7B /* ToolbarViewLandscape.xib in Resources */,
				F22B7FEF1CBBBE3300B6BE7B /* Main.storyboard in Resources */,
			);
			runOnlyForDeploymentPostprocessing = 0;
		};
/* End PBXResourcesBuildPhase section */

/* Begin PBXSourcesBuildPhase section */
		F22B7FDD1CBBBE3300B6BE7B /* Sources */ = {
			isa = PBXSourcesBuildPhase;
			buildActionMask = 2147483647;
			files = (
				F22B800A1CBBC23300B6BE7B /* UIViewController+Ext.m in Sources */,
				F22B800D1CBBC69100B6BE7B /* KeyBoardView.m in Sources */,
				F22B80061CBBC05A00B6BE7B /* CustomButton.m in Sources */,
				F22B7FEC1CBBBE3300B6BE7B /* ViewController.m in Sources */,
				F22B7FE91CBBBE3300B6BE7B /* AppDelegate.m in Sources */,
				F22B7FE61CBBBE3300B6BE7B /* main.m in Sources */,
			);
			runOnlyForDeploymentPostprocessing = 0;
		};
/* End PBXSourcesBuildPhase section */

/* Begin PBXVariantGroup section */
		F22B7FED1CBBBE3300B6BE7B /* Main.storyboard */ = {
			isa = PBXVariantGroup;
			children = (
				F22B7FEE1CBBBE3300B6BE7B /* Base */,
			);
			name = Main.storyboard;
			sourceTree = "<group>";
		};
		F22B7FF21CBBBE3300B6BE7B /* LaunchScreen.storyboard */ = {
			isa = PBXVariantGroup;
			children = (
				F22B7FF31CBBBE3300B6BE7B /* Base */,
			);
			name = LaunchScreen.storyboard;
			sourceTree = "<group>";
		};
/* End PBXVariantGroup section */

/* Begin XCBuildConfiguration section */
		F22B7FF61CBBBE3300B6BE7B /* Debug */ = {
			isa = XCBuildConfiguration;
			buildSettings = {
				ALWAYS_SEARCH_USER_PATHS = NO;
				CLANG_ANALYZER_NONNULL = YES;
				CLANG_CXX_LANGUAGE_STANDARD = "gnu++0x";
				CLANG_CXX_LIBRARY = "libc++";
				CLANG_ENABLE_MODULES = YES;
				CLANG_ENABLE_OBJC_ARC = YES;
				CLANG_WARN_BOOL_CONVERSION = YES;
				CLANG_WARN_CONSTANT_CONVERSION = YES;
				CLANG_WARN_DIRECT_OBJC_ISA_USAGE = YES_ERROR;
				CLANG_WARN_EMPTY_BODY = YES;
				CLANG_WARN_ENUM_CONVERSION = YES;
				CLANG_WARN_INT_CONVERSION = YES;
				CLANG_WARN_OBJC_ROOT_CLASS = YES_ERROR;
				CLANG_WARN_UNREACHABLE_CODE = YES;
				CLANG_WARN__DUPLICATE_METHOD_MATCH = YES;
				"CODE_SIGN_IDENTITY[sdk=iphoneos*]" = "iPhone Developer";
				COPY_PHASE_STRIP = NO;
				DEBUG_INFORMATION_FORMAT = dwarf;
				ENABLE_STRICT_OBJC_MSGSEND = YES;
				ENABLE_TESTABILITY = YES;
				GCC_C_LANGUAGE_STANDARD = gnu99;
				GCC_DYNAMIC_NO_PIC = NO;
				GCC_NO_COMMON_BLOCKS = YES;
				GCC_OPTIMIZATION_LEVEL = 0;
				GCC_PREPROCESSOR_DEFINITIONS = (
					"DEBUG=1",
					"$(inherited)",
				);
				GCC_WARN_64_TO_32_BIT_CONVERSION = YES;
				GCC_WARN_ABOUT_RETURN_TYPE = YES_ERROR;
				GCC_WARN_UNDECLARED_SELECTOR = YES;
				GCC_WARN_UNINITIALIZED_AUTOS = YES_AGGRESSIVE;
				GCC_WARN_UNUSED_FUNCTION = YES;
				GCC_WARN_UNUSED_VARIABLE = YES;
				IPHONEOS_DEPLOYMENT_TARGET = 9.3;
				MTL_ENABLE_DEBUG_INFO = YES;
				ONLY_ACTIVE_ARCH = YES;
				SDKROOT = iphoneos;
				TARGETED_DEVICE_FAMILY = "1,2";
			};
			name = Debug;
		};
		F22B7FF71CBBBE3300B6BE7B /* Release */ = {
			isa = XCBuildConfiguration;
			buildSettings = {
				ALWAYS_SEARCH_USER_PATHS = NO;
				CLANG_ANALYZER_NONNULL = YES;
				CLANG_CXX_LANGUAGE_STANDARD = "gnu++0x";
				CLANG_CXX_LIBRARY = "libc++";
				CLANG_ENABLE_MODULES = YES;
				CLANG_ENABLE_OBJC_ARC = YES;
				CLANG_WARN_BOOL_CONVERSION = YES;
				CLANG_WARN_CONSTANT_CONVERSION = YES;
				CLANG_WARN_DIRECT_OBJC_ISA_USAGE = YES_ERROR;
				CLANG_WARN_EMPTY_BODY = YES;
				CLANG_WARN_ENUM_CONVERSION = YES;
				CLANG_WARN_INT_CONVERSION = YES;
				CLANG_WARN_OBJC_ROOT_CLASS = YES_ERROR;
				CLANG_WARN_UNREACHABLE_CODE = YES;
				CLANG_WARN__DUPLICATE_METHOD_MATCH = YES;
				"CODE_SIGN_IDENTITY[sdk=iphoneos*]" = "iPhone Developer";
				COPY_PHASE_STRIP = NO;
				DEBUG_INFORMATION_FORMAT = "dwarf-with-dsym";
				ENABLE_NS_ASSERTIONS = NO;
				ENABLE_STRICT_OBJC_MSGSEND = YES;
				GCC_C_LANGUAGE_STANDARD = gnu99;
				GCC_NO_COMMON_BLOCKS = YES;
				GCC_WARN_64_TO_32_BIT_CONVERSION = YES;
				GCC_WARN_ABOUT_RETURN_TYPE = YES_ERROR;
				GCC_WARN_UNDECLARED_SELECTOR = YES;
				GCC_WARN_UNINITIALIZED_AUTOS = YES_AGGRESSIVE;
				GCC_WARN_UNUSED_FUNCTION = YES;
				GCC_WARN_UNUSED_VARIABLE = YES;
				IPHONEOS_DEPLOYMENT_TARGET = 9.3;
				MTL_ENABLE_DEBUG_INFO = NO;
				SDKROOT = iphoneos;
				TARGETED_DEVICE_FAMILY = "1,2";
				VALIDATE_PRODUCT = YES;
			};
			name = Release;
		};
		F22B7FF91CBBBE3300B6BE7B /* Debug */ = {
			isa = XCBuildConfiguration;
			buildSettings = {
				ASSETCATALOG_COMPILER_APPICON_NAME = AppIcon;
				INFOPLIST_FILE = KeyboardToolbarObjectiveC/Info.plist;
				IPHONEOS_DEPLOYMENT_TARGET = 9.1;
				LD_RUNPATH_SEARCH_PATHS = "$(inherited) @executable_path/Frameworks";
				PRODUCT_BUNDLE_IDENTIFIER = com.SlashGlobal.KeyboardToolbarObjectiveC;
				PRODUCT_NAME = "$(TARGET_NAME)";
			};
			name = Debug;
		};
		F22B7FFA1CBBBE3300B6BE7B /* Release */ = {
			isa = XCBuildConfiguration;
			buildSettings = {
				ASSETCATALOG_COMPILER_APPICON_NAME = AppIcon;
				INFOPLIST_FILE = KeyboardToolbarObjectiveC/Info.plist;
				IPHONEOS_DEPLOYMENT_TARGET = 9.1;
				LD_RUNPATH_SEARCH_PATHS = "$(inherited) @executable_path/Frameworks";
				PRODUCT_BUNDLE_IDENTIFIER = com.SlashGlobal.KeyboardToolbarObjectiveC;
				PRODUCT_NAME = "$(TARGET_NAME)";
			};
			name = Release;
		};
/* End XCBuildConfiguration section */

/* Begin XCConfigurationList section */
		F22B7FDC1CBBBE3200B6BE7B /* Build configuration list for PBXProject "KeyboardToolbarObjectiveC" */ = {
			isa = XCConfigurationList;
			buildConfigurations = (
				F22B7FF61CBBBE3300B6BE7B /* Debug */,
				F22B7FF71CBBBE3300B6BE7B /* Release */,
			);
			defaultConfigurationIsVisible = 0;
			defaultConfigurationName = Release;
		};
		F22B7FF81CBBBE3300B6BE7B /* Build configuration list for PBXNativeTarget "KeyboardToolbarObjectiveC" */ = {
			isa = XCConfigurationList;
			buildConfigurations = (
				F22B7FF91CBBBE3300B6BE7B /* Debug */,
				F22B7FFA1CBBBE3300B6BE7B /* Release */,
			);
			defaultConfigurationIsVisible = 0;
			defaultConfigurationName = Release;
		};
/* End XCConfigurationList section */
	};
	rootObject = F22B7FD91CBBBE3200B6BE7B /* Project object */;
}
